// !$*UTF8*$!
{
	archiveVersion = 1;
	classes = {
	};
	objectVersion = 46;
	objects = {

/* Begin PBXBuildFile section */
		EF6482381B59D4B700AD92CA /* AppDelegate.swift in Sources */ = {isa = PBXBuildFile; fileRef = EF6482371B59D4B700AD92CA /* AppDelegate.swift */; };
		EF64823B1B59D4B700AD92CA /* interviewPrepWithSwift.xcdatamodeld in Sources */ = {isa = PBXBuildFile; fileRef = EF6482391B59D4B700AD92CA /* interviewPrepWithSwift.xcdatamodeld */; };
		EF64823D1B59D4B700AD92CA /* ViewController.swift in Sources */ = {isa = PBXBuildFile; fileRef = EF64823C1B59D4B700AD92CA /* ViewController.swift */; };
		EF6482401B59D4B700AD92CA /* Main.storyboard in Resources */ = {isa = PBXBuildFile; fileRef = EF64823E1B59D4B700AD92CA /* Main.storyboard */; };
		EF6482421B59D4B700AD92CA /* Images.xcassets in Resources */ = {isa = PBXBuildFile; fileRef = EF6482411B59D4B700AD92CA /* Images.xcassets */; };
		EF6482451B59D4B700AD92CA /* LaunchScreen.xib in Resources */ = {isa = PBXBuildFile; fileRef = EF6482431B59D4B700AD92CA /* LaunchScreen.xib */; };
		EF6482511B59D4B700AD92CA /* interviewPrepWithSwiftTests.swift in Sources */ = {isa = PBXBuildFile; fileRef = EF6482501B59D4B700AD92CA /* interviewPrepWithSwiftTests.swift */; };
/* End PBXBuildFile section */

/* Begin PBXContainerItemProxy section */
		EF64824B1B59D4B700AD92CA /* PBXContainerItemProxy */ = {
			isa = PBXContainerItemProxy;
			containerPortal = EF64822A1B59D4B700AD92CA /* Project object */;
			proxyType = 1;
			remoteGlobalIDString = EF6482311B59D4B700AD92CA;
			remoteInfo = interviewPrepWithSwift;
		};
/* End PBXContainerItemProxy section */

/* Begin PBXFileReference section */
		EF6482321B59D4B700AD92CA /* interviewPrepWithSwift.app */ = {isa = PBXFileReference; explicitFileType = wrapper.application; includeInIndex = 0; path = interviewPrepWithSwift.app; sourceTree = BUILT_PRODUCTS_DIR; };
		EF6482361B59D4B700AD92CA /* Info.plist */ = {isa = PBXFileReference; lastKnownFileType = text.plist.xml; path = Info.plist; sourceTree = "<group>"; };
		EF6482371B59D4B700AD92CA /* AppDelegate.swift */ = {isa = PBXFileReference; lastKnownFileType = sourcecode.swift; path = AppDelegate.swift; sourceTree = "<group>"; };
		EF64823A1B59D4B700AD92CA /* interviewPrepWithSwift.xcdatamodel */ = {isa = PBXFileReference; lastKnownFileType = wrapper.xcdatamodel; path = interviewPrepWithSwift.xcdatamodel; sourceTree = "<group>"; };
		EF64823C1B59D4B700AD92CA /* ViewController.swift */ = {isa = PBXFileReference; lastKnownFileType = sourcecode.swift; path = ViewController.swift; sourceTree = "<group>"; };
		EF64823F1B59D4B700AD92CA /* Base */ = {isa = PBXFileReference; lastKnownFileType = file.storyboard; name = Base; path = Base.lproj/Main.storyboard; sourceTree = "<group>"; };
		EF6482411B59D4B700AD92CA /* Images.xcassets */ = {isa = PBXFileReference; lastKnownFileType = folder.assetcatalog; path = Images.xcassets; sourceTree = "<group>"; };
		EF6482441B59D4B700AD92CA /* Base */ = {isa = PBXFileReference; lastKnownFileType = file.xib; name = Base; path = Base.lproj/LaunchScreen.xib; sourceTree = "<group>"; };
		EF64824A1B59D4B700AD92CA /* interviewPrepWithSwiftTests.xctest */ = {isa = PBXFileReference; explicitFileType = wrapper.cfbundle; includeInIndex = 0; path = interviewPrepWithSwiftTests.xctest; sourceTree = BUILT_PRODUCTS_DIR; };
		EF64824F1B59D4B700AD92CA /* Info.plist */ = {isa = PBXFileReference; lastKnownFileType = text.plist.xml; path = Info.plist; sourceTree = "<group>"; };
		EF6482501B59D4B700AD92CA /* interviewPrepWithSwiftTests.swift */ = {isa = PBXFileReference; lastKnownFileType = sourcecode.swift; path = interviewPrepWithSwiftTests.swift; sourceTree = "<group>"; };
/* End PBXFileReference section */

/* Begin PBXFrameworksBuildPhase section */
		EF64822F1B59D4B700AD92CA /* Frameworks */ = {
			isa = PBXFrameworksBuildPhase;
			buildActionMask = 2147483647;
			files = (
			);
			runOnlyForDeploymentPostprocessing = 0;
		};
		EF6482471B59D4B700AD92CA /* Frameworks */ = {
			isa = PBXFrameworksBuildPhase;
			buildActionMask = 2147483647;
			files = (
			);
			runOnlyForDeploymentPostprocessing = 0;
		};
/* End PBXFrameworksBuildPhase section */

/* Begin PBXGroup section */
		EF6482291B59D4B700AD92CA = {
			isa = PBXGroup;
			children = (
				EF6482341B59D4B700AD92CA /* interviewPrepWithSwift */,
				EF64824D1B59D4B700AD92CA /* interviewPrepWithSwiftTests */,
				EF6482331B59D4B700AD92CA /* Products */,
			);
			sourceTree = "<group>";
		};
		EF6482331B59D4B700AD92CA /* Products */ = {
			isa = PBXGroup;
			children = (
				EF6482321B59D4B700AD92CA /* interviewPrepWithSwift.app */,
				EF64824A1B59D4B700AD92CA /* interviewPrepWithSwiftTests.xctest */,
			);
			name = Products;
			sourceTree = "<group>";
		};
		EF6482341B59D4B700AD92CA /* interviewPrepWithSwift */ = {
			isa = PBXGroup;
			children = (
				EF6482371B59D4B700AD92CA /* AppDelegate.swift */,
				EF64823C1B59D4B700AD92CA /* ViewController.swift */,
				EF64823E1B59D4B700AD92CA /* Main.storyboard */,
				EF6482411B59D4B700AD92CA /* Images.xcassets */,
				EF6482431B59D4B700AD92CA /* LaunchScreen.xib */,
				EF6482391B59D4B700AD92CA /* interviewPrepWithSwift.xcdatamodeld */,
				EF6482351B59D4B700AD92CA /* Supporting Files */,
			);
			path = interviewPrepWithSwift;
			sourceTree = "<group>";
		};
		EF6482351B59D4B700AD92CA /* Supporting Files */ = {
			isa = PBXGroup;
			children = (
				EF6482361B59D4B700AD92CA /* Info.plist */,
			);
			name = "Supporting Files";
			sourceTree = "<group>";
		};
		EF64824D1B59D4B700AD92CA /* interviewPrepWithSwiftTests */ = {
			isa = PBXGroup;
			children = (
				EF6482501B59D4B700AD92CA /* interviewPrepWithSwiftTests.swift */,
				EF64824E1B59D4B700AD92CA /* Supporting Files */,
			);
			path = interviewPrepWithSwiftTests;
			sourceTree = "<group>";
		};
		EF64824E1B59D4B700AD92CA /* Supporting Files */ = {
			isa = PBXGroup;
			children = (
				EF64824F1B59D4B700AD92CA /* Info.plist */,
			);
			name = "Supporting Files";
			sourceTree = "<group>";
		};
/* End PBXGroup section */

/* Begin PBXNativeTarget section */
		EF6482311B59D4B700AD92CA /* interviewPrepWithSwift */ = {
			isa = PBXNativeTarget;
			buildConfigurationList = EF6482541B59D4B700AD92CA /* Build configuration list for PBXNativeTarget "interviewPrepWithSwift" */;
			buildPhases = (
				EF64822E1B59D4B700AD92CA /* Sources */,
				EF64822F1B59D4B700AD92CA /* Frameworks */,
				EF6482301B59D4B700AD92CA /* Resources */,
			);
			buildRules = (
			);
			dependencies = (
			);
			name = interviewPrepWithSwift;
			productName = interviewPrepWithSwift;
			productReference = EF6482321B59D4B700AD92CA /* interviewPrepWithSwift.app */;
			productType = "com.apple.product-type.application";
		};
		EF6482491B59D4B700AD92CA /* interviewPrepWithSwiftTests */ = {
			isa = PBXNativeTarget;
			buildConfigurationList = EF6482571B59D4B700AD92CA /* Build configuration list for PBXNativeTarget "interviewPrepWithSwiftTests" */;
			buildPhases = (
				EF6482461B59D4B700AD92CA /* Sources */,
				EF6482471B59D4B700AD92CA /* Frameworks */,
				EF6482481B59D4B700AD92CA /* Resources */,
			);
			buildRules = (
			);
			dependencies = (
				EF64824C1B59D4B700AD92CA /* PBXTargetDependency */,
			);
			name = interviewPrepWithSwiftTests;
			productName = interviewPrepWithSwiftTests;
			productReference = EF64824A1B59D4B700AD92CA /* interviewPrepWithSwiftTests.xctest */;
			productType = "com.apple.product-type.bundle.unit-test";
		};
/* End PBXNativeTarget section */

/* Begin PBXProject section */
		EF64822A1B59D4B700AD92CA /* Project object */ = {
			isa = PBXProject;
			attributes = {
				LastUpgradeCheck = 0640;
				ORGANIZATIONNAME = "Ryan Pliske";
				TargetAttributes = {
					EF6482311B59D4B700AD92CA = {
						CreatedOnToolsVersion = 6.4;
					};
					EF6482491B59D4B700AD92CA = {
						CreatedOnToolsVersion = 6.4;
						TestTargetID = EF6482311B59D4B700AD92CA;
					};
				};
			};
			buildConfigurationList = EF64822D1B59D4B700AD92CA /* Build configuration list for PBXProject "interviewPrepWithSwift" */;
			compatibilityVersion = "Xcode 3.2";
			developmentRegion = English;
			hasScannedForEncodings = 0;
			knownRegions = (
				en,
				Base,
			);
			mainGroup = EF6482291B59D4B700AD92CA;
			productRefGroup = EF6482331B59D4B700AD92CA /* Products */;
			projectDirPath = "";
			projectRoot = "";
			targets = (
				EF6482311B59D4B700AD92CA /* interviewPrepWithSwift */,
				EF6482491B59D4B700AD92CA /* interviewPrepWithSwiftTests */,
			);
		};
/* End PBXProject section */

/* Begin PBXResourcesBuildPhase section */
		EF6482301B59D4B700AD92CA /* Resources */ = {
			isa = PBXResourcesBuildPhase;
			buildActionMask = 2147483647;
			files = (
				EF6482401B59D4B700AD92CA /* Main.storyboard in Resources */,
				EF6482451B59D4B700AD92CA /* LaunchScreen.xib in Resources */,
				EF6482421B59D4B700AD92CA /* Images.xcassets in Resources */,
			);
			runOnlyForDeploymentPostprocessing = 0;
		};
		EF6482481B59D4B700AD92CA /* Resources */ = {
			isa = PBXResourcesBuildPhase;
			buildActionMask = 2147483647;
			files = (
			);
			runOnlyForDeploymentPostprocessing = 0;
		};
/* End PBXResourcesBuildPhase section */

/* Begin PBXSourcesBuildPhase section */
		EF64822E1B59D4B700AD92CA /* Sources */ = {
			isa = PBXSourcesBuildPhase;
			buildActionMask = 2147483647;
			files = (
				EF64823D1B59D4B700AD92CA /* ViewController.swift in Sources */,
				EF64823B1B59D4B700AD92CA /* interviewPrepWithSwift.xcdatamodeld in Sources */,
				EF6482381B59D4B700AD92CA /* AppDelegate.swift in Sources */,
			);
			runOnlyForDeploymentPostprocessing = 0;
		};
		EF6482461B59D4B700AD92CA /* Sources */ = {
			isa = PBXSourcesBuildPhase;
			buildActionMask = 2147483647;
			files = (
				EF6482511B59D4B700AD92CA /* interviewPrepWithSwiftTests.swift in Sources */,
			);
			runOnlyForDeploymentPostprocessing = 0;
		};
/* End PBXSourcesBuildPhase section */

/* Begin PBXTargetDependency section */
		EF64824C1B59D4B700AD92CA /* PBXTargetDependency */ = {
			isa = PBXTargetDependency;
			target = EF6482311B59D4B700AD92CA /* interviewPrepWithSwift */;
			targetProxy = EF64824B1B59D4B700AD92CA /* PBXContainerItemProxy */;
		};
/* End PBXTargetDependency section */

/* Begin PBXVariantGroup section */
		EF64823E1B59D4B700AD92CA /* Main.storyboard */ = {
			isa = PBXVariantGroup;
			children = (
				EF64823F1B59D4B700AD92CA /* Base */,
			);
			name = Main.storyboard;
			sourceTree = "<group>";
		};
		EF6482431B59D4B700AD92CA /* LaunchScreen.xib */ = {
			isa = PBXVariantGroup;
			children = (
				EF6482441B59D4B700AD92CA /* Base */,
			);
			name = LaunchScreen.xib;
			sourceTree = "<group>";
		};
/* End PBXVariantGroup section */

/* Begin XCBuildConfiguration section */
		EF6482521B59D4B700AD92CA /* Debug */ = {
			isa = XCBuildConfiguration;
			buildSettings = {
				ALWAYS_SEARCH_USER_PATHS = NO;
				CLANG_CXX_LANGUAGE_STANDARD = "gnu++0x";
				CLANG_CXX_LIBRARY = "libc++";
				CLANG_ENABLE_MODULES = YES;
				CLANG_ENABLE_OBJC_ARC = YES;
				CLANG_WARN_BOOL_CONVERSION = YES;
				CLANG_WARN_CONSTANT_CONVERSION = YES;
				CLANG_WARN_DIRECT_OBJC_ISA_USAGE = YES_ERROR;
				CLANG_WARN_EMPTY_BODY = YES;
				CLANG_WARN_ENUM_CONVERSION = YES;
				CLANG_WARN_INT_CONVERSION = YES;
				CLANG_WARN_OBJC_ROOT_CLASS = YES_ERROR;
				CLANG_WARN_UNREACHABLE_CODE = YES;
				CLANG_WARN__DUPLICATE_METHOD_MATCH = YES;
				"CODE_SIGN_IDENTITY[sdk=iphoneos*]" = "iPhone Developer";
				COPY_PHASE_STRIP = NO;
				DEBUG_INFORMATION_FORMAT = "dwarf-with-dsym";
				ENABLE_STRICT_OBJC_MSGSEND = YES;
				GCC_C_LANGUAGE_STANDARD = gnu99;
				GCC_DYNAMIC_NO_PIC = NO;
				GCC_NO_COMMON_BLOCKS = YES;
				GCC_OPTIMIZATION_LEVEL = 0;
				GCC_PREPROCESSOR_DEFINITIONS = (
					"DEBUG=1",
					"$(inherited)",
				);
				GCC_SYMBOLS_PRIVATE_EXTERN = NO;
				GCC_WARN_64_TO_32_BIT_CONVERSION = YES;
				GCC_WARN_ABOUT_RETURN_TYPE = YES_ERROR;
				GCC_WARN_UNDECLARED_SELECTOR = YES;
				GCC_WARN_UNINITIALIZED_AUTOS = YES_AGGRESSIVE;
				GCC_WARN_UNUSED_FUNCTION = YES;
				GCC_WARN_UNUSED_VARIABLE = YES;
				IPHONEOS_DEPLOYMENT_TARGET = 8.4;
				MTL_ENABLE_DEBUG_INFO = YES;
				ONLY_ACTIVE_ARCH = YES;
				SDKROOT = iphoneos;
				SWIFT_OPTIMIZATION_LEVEL = "-Onone";
			};
			name = Debug;
		};
		EF6482531B59D4B700AD92CA /* Release */ = {
			isa = XCBuildConfiguration;
			buildSettings = {
				ALWAYS_SEARCH_USER_PATHS = NO;
				CLANG_CXX_LANGUAGE_STANDARD = "gnu++0x";
				CLANG_CXX_LIBRARY = "libc++";
				CLANG_ENABLE_MODULES = YES;
				CLANG_ENABLE_OBJC_ARC = YES;
				CLANG_WARN_BOOL_CONVERSION = YES;
				CLANG_WARN_CONSTANT_CONVERSION = YES;
				CLANG_WARN_DIRECT_OBJC_ISA_USAGE = YES_ERROR;
				CLANG_WARN_EMPTY_BODY = YES;
				CLANG_WARN_ENUM_CONVERSION = YES;
				CLANG_WARN_INT_CONVERSION = YES;
				CLANG_WARN_OBJC_ROOT_CLASS = YES_ERROR;
				CLANG_WARN_UNREACHABLE_CODE = YES;
				CLANG_WARN__DUPLICATE_METHOD_MATCH = YES;
				"CODE_SIGN_IDENTITY[sdk=iphoneos*]" = "iPhone Developer";
				COPY_PHASE_STRIP = NO;
				DEBUG_INFORMATION_FORMAT = "dwarf-with-dsym";
				ENABLE_NS_ASSERTIONS = NO;
				ENABLE_STRICT_OBJC_MSGSEND = YES;
				GCC_C_LANGUAGE_STANDARD = gnu99;
				GCC_NO_COMMON_BLOCKS = YES;
				GCC_WARN_64_TO_32_BIT_CONVERSION = YES;
				GCC_WARN_ABOUT_RETURN_TYPE = YES_ERROR;
				GCC_WARN_UNDECLARED_SELECTOR = YES;
				GCC_WARN_UNINITIALIZED_AUTOS = YES_AGGRESSIVE;
				GCC_WARN_UNUSED_FUNCTION = YES;
				GCC_WARN_UNUSED_VARIABLE = YES;
				IPHONEOS_DEPLOYMENT_TARGET = 8.4;
				MTL_ENABLE_DEBUG_INFO = NO;
				SDKROOT = iphoneos;
				VALIDATE_PRODUCT = YES;
			};
			name = Release;
		};
		EF6482551B59D4B700AD92CA /* Debug */ = {
			isa = XCBuildConfiguration;
			buildSettings = {
				ASSETCATALOG_COMPILER_APPICON_NAME = AppIcon;
				INFOPLIST_FILE = interviewPrepWithSwift/Info.plist;
				LD_RUNPATH_SEARCH_PATHS = "$(inherited) @executable_path/Frameworks";
				PRODUCT_NAME = "$(TARGET_NAME)";
			};
			name = Debug;
		};
		EF6482561B59D4B700AD92CA /* Release */ = {
			isa = XCBuildConfiguration;
			buildSettings = {
				ASSETCATALOG_COMPILER_APPICON_NAME = AppIcon;
				INFOPLIST_FILE = interviewPrepWithSwift/Info.plist;
				LD_RUNPATH_SEARCH_PATHS = "$(inherited) @executable_path/Frameworks";
				PRODUCT_NAME = "$(TARGET_NAME)";
			};
			name = Release;
		};
		EF6482581B59D4B700AD92CA /* Debug */ = {
			isa = XCBuildConfiguration;
			buildSettings = {
				BUNDLE_LOADER = "$(TEST_HOST)";
				FRAMEWORK_SEARCH_PATHS = (
					"$(SDKROOT)/Developer/Library/Frameworks",
					"$(inherited)",
				);
				GCC_PREPROCESSOR_DEFINITIONS = (
					"DEBUG=1",
					"$(inherited)",
				);
				INFOPLIST_FILE = interviewPrepWithSwiftTests/Info.plist;
				LD_RUNPATH_SEARCH_PATHS = "$(inherited) @executable_path/Frameworks @loader_path/Frameworks";
				PRODUCT_NAME = "$(TARGET_NAME)";
				TEST_HOST = "$(BUILT_PRODUCTS_DIR)/interviewPrepWithSwift.app/interviewPrepWithSwift";
			};
			name = Debug;
		};
		EF6482591B59D4B700AD92CA /* Release */ = {
			isa = XCBuildConfiguration;
			buildSettings = {
				BUNDLE_LOADER = "$(TEST_HOST)";
				FRAMEWORK_SEARCH_PATHS = (
					"$(SDKROOT)/Developer/Library/Frameworks",
					"$(inherited)",
				);
				INFOPLIST_FILE = interviewPrepWithSwiftTests/Info.plist;
				LD_RUNPATH_SEARCH_PATHS = "$(inherited) @executable_path/Frameworks @loader_path/Frameworks";
				PRODUCT_NAME = "$(TARGET_NAME)";
				TEST_HOST = "$(BUILT_PRODUCTS_DIR)/interviewPrepWithSwift.app/interviewPrepWithSwift";
			};
			name = Release;
		};
/* End XCBuildConfiguration section */

/* Begin XCConfigurationList section */
		EF64822D1B59D4B700AD92CA /* Build configuration list for PBXProject "interviewPrepWithSwift" */ = {
			isa = XCConfigurationList;
			buildConfigurations = (
				EF6482521B59D4B700AD92CA /* Debug */,
				EF6482531B59D4B700AD92CA /* Release */,
			);
			defaultConfigurationIsVisible = 0;
			defaultConfigurationName = Release;
		};
		EF6482541B59D4B700AD92CA /* Build configuration list for PBXNativeTarget "interviewPrepWithSwift" */ = {
			isa = XCConfigurationList;
			buildConfigurations = (
				EF6482551B59D4B700AD92CA /* Debug */,
				EF6482561B59D4B700AD92CA /* Release */,
			);
			defaultConfigurationIsVisible = 0;
		};
		EF6482571B59D4B700AD92CA /* Build configuration list for PBXNativeTarget "interviewPrepWithSwiftTests" */ = {
			isa = XCConfigurationList;
			buildConfigurations = (
				EF6482581B59D4B700AD92CA /* Debug */,
				EF6482591B59D4B700AD92CA /* Release */,
			);
			defaultConfigurationIsVisible = 0;
		};
/* End XCConfigurationList section */

/* Begin XCVersionGroup section */
		EF6482391B59D4B700AD92CA /* interviewPrepWithSwift.xcdatamodeld */ = {
			isa = XCVersionGroup;
			children = (
				EF64823A1B59D4B700AD92CA /* interviewPrepWithSwift.xcdatamodel */,
			);
			currentVersion = EF64823A1B59D4B700AD92CA /* interviewPrepWithSwift.xcdatamodel */;
			path = interviewPrepWithSwift.xcdatamodeld;
			sourceTree = "<group>";
			versionGroupType = wrapper.xcdatamodel;
		};
/* End XCVersionGroup section */
	};
	rootObject = EF64822A1B59D4B700AD92CA /* Project object */;
}
